
Microsoft Visual Studio Solution File, Format Version 12.00
# Visual Studio Version 17
VisualStudioVersion = 17.0.31903.59
MinimumVisualStudioVersion = 10.0.40219.1
Project("{FAE04EC0-301F-11D3-BF4B-00C04F79EFBC}") = "GameInfoTools.Core", "src\GameInfoTools.Core\GameInfoTools.Core.csproj", "{A1B2C3D4-E5F6-4A5B-8C9D-0E1F2A3B4C5D}"
EndProject
Project("{FAE04EC0-301F-11D3-BF4B-00C04F79EFBC}") = "GameInfoTools.Analysis", "src\GameInfoTools.Analysis\GameInfoTools.Analysis.csproj", "{B2C3D4E5-F6A7-5B6C-9D0E-1F2A3B4C5D6E}"
EndProject
Project("{FAE04EC0-301F-11D3-BF4B-00C04F79EFBC}") = "GameInfoTools.Graphics", "src\GameInfoTools.Graphics\GameInfoTools.Graphics.csproj", "{C3D4E5F6-A7B8-6C7D-0E1F-2A3B4C5D6E7F}"
EndProject
Project("{FAE04EC0-301F-11D3-BF4B-00C04F79EFBC}") = "GameInfoTools.Text", "src\GameInfoTools.Text\GameInfoTools.Text.csproj", "{D4E5F6A7-B8C9-7D8E-1F2A-3B4C5D6E7F80}"
EndProject
Project("{FAE04EC0-301F-11D3-BF4B-00C04F79EFBC}") = "GameInfoTools.Rom", "src\GameInfoTools.Rom\GameInfoTools.Rom.csproj", "{E5F6A7B8-C9D0-8E9F-2A3B-4C5D6E7F8091}"
EndProject
Project("{FAE04EC0-301F-11D3-BF4B-00C04F79EFBC}") = "GameInfoTools.Data", "src\GameInfoTools.Data\GameInfoTools.Data.csproj", "{F6A7B8C9-D0E1-9F0A-3B4C-5D6E7F809102}"
EndProject
Project("{FAE04EC0-301F-11D3-BF4B-00C04F79EFBC}") = "GameInfoTools.Disassembly", "src\GameInfoTools.Disassembly\GameInfoTools.Disassembly.csproj", "{A7B8C9D0-E1F2-0A1B-4C5D-6E7F80910213}"
EndProject
Project("{FAE04EC0-301F-11D3-BF4B-00C04F79EFBC}") = "GameInfoTools.Cli", "src\GameInfoTools.Cli\GameInfoTools.Cli.csproj", "{B8C9D0E1-F2A3-1B2C-5D6E-7F8091021324}"
EndProject
Project("{2150E333-8FDC-42A3-9474-1A3956D46DE8}") = "src", "src", "{827E0CD3-B72D-47B6-A68D-7590B98EB39B}"
EndProject
Project("{FAE04EC0-301F-11D3-BF4B-00C04F79EFBC}") = "GameInfoTools.Tests", "src\GameInfoTools.Tests\GameInfoTools.Tests.csproj", "{5C3F29B1-F6C3-4D27-A4B7-D0191BDC481C}"
EndProject
Project("{FAE04EC0-301F-11D3-BF4B-00C04F79EFBC}") = "GameInfoTools.UI", "src\GameInfoTools.UI\GameInfoTools.UI.csproj", "{293CCFA9-D421-43E6-9E74-2218499E9EEB}"
EndProject
Project("{FAE04EC0-301F-11D3-BF4B-00C04F79EFBC}") = "GameInfoTools.Wiki", "src\GameInfoTools.Wiki\GameInfoTools.Wiki.csproj", "{6B3646E8-FEFB-47F7-AD35-0D14EA004A03}"
EndProject
Project("{FAE04EC0-301F-11D3-BF4B-00C04F79EFBC}") = "GameInfoTools.TasConvert", "src\GameInfoTools.TasConvert\GameInfoTools.TasConvert.csproj", "{A097CABE-7970-4CF3-B637-84ED08708A6A}"
EndProject
Project("{FAE04EC0-301F-11D3-BF4B-00C04F79EFBC}") = "GameInfoTools.TasConvert.Cli", "src\GameInfoTools.TasConvert.Cli\GameInfoTools.TasConvert.Cli.csproj", "{B98C3881-DE15-4952-9D62-BBFF667CDA32}"
EndProject
Project("{FAE04EC0-301F-11D3-BF4B-00C04F79EFBC}") = "GameInfoTools.TasConvert.Tests", "src\GameInfoTools.TasConvert.Tests\GameInfoTools.TasConvert.Tests.csproj", "{12BB99B6-311D-45A0-A3C5-92C7326794D7}"
EndProject
Project("{FAE04EC0-301F-11D3-BF4B-00C04F79EFBC}") = "GameInfoTools.Audio", "src\GameInfoTools.Audio\GameInfoTools.Audio.csproj", "{4806CAD2-6E9D-47D0-B7B7-405EE46B7840}"
EndProject
Project("{FAE04EC0-301F-11D3-BF4B-00C04F79EFBC}") = "GameInfoTools.Audio.Cli", "src\GameInfoTools.Audio.Cli\GameInfoTools.Audio.Cli.csproj", "{7F7C21DD-734A-41A1-95D0-1E325D5EDFDD}"
EndProject
Project("{FAE04EC0-301F-11D3-BF4B-00C04F79EFBC}") = "GameInfoTools.Audio.Tests", "src\GameInfoTools.Audio.Tests\GameInfoTools.Audio.Tests.csproj", "{44C0089F-4C78-41A3-B828-780A42E1DF4D}"
EndProject
Project("{FAE04EC0-301F-11D3-BF4B-00C04F79EFBC}") = "GameInfoTools.Dats", "src\GameInfoTools.Dats\GameInfoTools.Dats.csproj", "{CF7E6323-E310-4816-8F94-D137A4A21DCB}"
EndProject
Project("{FAE04EC0-301F-11D3-BF4B-00C04F79EFBC}") = "GameInfoTools.Dats.Cli", "src\GameInfoTools.Dats.Cli\GameInfoTools.Dats.Cli.csproj", "{1C40BC23-5B9C-4119-92DB-04F792A9E088}"
EndProject
Global
	GlobalSection(SolutionConfigurationPlatforms) = preSolution
		Debug|Any CPU = Debug|Any CPU
		Debug|x64 = Debug|x64
		Debug|x86 = Debug|x86
		Release|Any CPU = Release|Any CPU
		Release|x64 = Release|x64
		Release|x86 = Release|x86
	EndGlobalSection
	GlobalSection(ProjectConfigurationPlatforms) = postSolution
		{A1B2C3D4-E5F6-4A5B-8C9D-0E1F2A3B4C5D}.Debug|Any CPU.ActiveCfg = Debug|Any CPU
		{A1B2C3D4-E5F6-4A5B-8C9D-0E1F2A3B4C5D}.Debug|Any CPU.Build.0 = Debug|Any CPU
		{A1B2C3D4-E5F6-4A5B-8C9D-0E1F2A3B4C5D}.Debug|x64.ActiveCfg = Debug|Any CPU
		{A1B2C3D4-E5F6-4A5B-8C9D-0E1F2A3B4C5D}.Debug|x64.Build.0 = Debug|Any CPU
		{A1B2C3D4-E5F6-4A5B-8C9D-0E1F2A3B4C5D}.Debug|x86.ActiveCfg = Debug|Any CPU
		{A1B2C3D4-E5F6-4A5B-8C9D-0E1F2A3B4C5D}.Debug|x86.Build.0 = Debug|Any CPU
		{A1B2C3D4-E5F6-4A5B-8C9D-0E1F2A3B4C5D}.Release|Any CPU.ActiveCfg = Release|Any CPU
		{A1B2C3D4-E5F6-4A5B-8C9D-0E1F2A3B4C5D}.Release|Any CPU.Build.0 = Release|Any CPU
		{A1B2C3D4-E5F6-4A5B-8C9D-0E1F2A3B4C5D}.Release|x64.ActiveCfg = Release|Any CPU
		{A1B2C3D4-E5F6-4A5B-8C9D-0E1F2A3B4C5D}.Release|x64.Build.0 = Release|Any CPU
		{A1B2C3D4-E5F6-4A5B-8C9D-0E1F2A3B4C5D}.Release|x86.ActiveCfg = Release|Any CPU
		{A1B2C3D4-E5F6-4A5B-8C9D-0E1F2A3B4C5D}.Release|x86.Build.0 = Release|Any CPU
		{B2C3D4E5-F6A7-5B6C-9D0E-1F2A3B4C5D6E}.Debug|Any CPU.ActiveCfg = Debug|Any CPU
		{B2C3D4E5-F6A7-5B6C-9D0E-1F2A3B4C5D6E}.Debug|Any CPU.Build.0 = Debug|Any CPU
		{B2C3D4E5-F6A7-5B6C-9D0E-1F2A3B4C5D6E}.Debug|x64.ActiveCfg = Debug|Any CPU
		{B2C3D4E5-F6A7-5B6C-9D0E-1F2A3B4C5D6E}.Debug|x64.Build.0 = Debug|Any CPU
		{B2C3D4E5-F6A7-5B6C-9D0E-1F2A3B4C5D6E}.Debug|x86.ActiveCfg = Debug|Any CPU
		{B2C3D4E5-F6A7-5B6C-9D0E-1F2A3B4C5D6E}.Debug|x86.Build.0 = Debug|Any CPU
		{B2C3D4E5-F6A7-5B6C-9D0E-1F2A3B4C5D6E}.Release|Any CPU.ActiveCfg = Release|Any CPU
		{B2C3D4E5-F6A7-5B6C-9D0E-1F2A3B4C5D6E}.Release|Any CPU.Build.0 = Release|Any CPU
		{B2C3D4E5-F6A7-5B6C-9D0E-1F2A3B4C5D6E}.Release|x64.ActiveCfg = Release|Any CPU
		{B2C3D4E5-F6A7-5B6C-9D0E-1F2A3B4C5D6E}.Release|x64.Build.0 = Release|Any CPU
		{B2C3D4E5-F6A7-5B6C-9D0E-1F2A3B4C5D6E}.Release|x86.ActiveCfg = Release|Any CPU
		{B2C3D4E5-F6A7-5B6C-9D0E-1F2A3B4C5D6E}.Release|x86.Build.0 = Release|Any CPU
		{C3D4E5F6-A7B8-6C7D-0E1F-2A3B4C5D6E7F}.Debug|Any CPU.ActiveCfg = Debug|Any CPU
		{C3D4E5F6-A7B8-6C7D-0E1F-2A3B4C5D6E7F}.Debug|Any CPU.Build.0 = Debug|Any CPU
		{C3D4E5F6-A7B8-6C7D-0E1F-2A3B4C5D6E7F}.Debug|x64.ActiveCfg = Debug|Any CPU
		{C3D4E5F6-A7B8-6C7D-0E1F-2A3B4C5D6E7F}.Debug|x64.Build.0 = Debug|Any CPU
		{C3D4E5F6-A7B8-6C7D-0E1F-2A3B4C5D6E7F}.Debug|x86.ActiveCfg = Debug|Any CPU
		{C3D4E5F6-A7B8-6C7D-0E1F-2A3B4C5D6E7F}.Debug|x86.Build.0 = Debug|Any CPU
		{C3D4E5F6-A7B8-6C7D-0E1F-2A3B4C5D6E7F}.Release|Any CPU.ActiveCfg = Release|Any CPU
		{C3D4E5F6-A7B8-6C7D-0E1F-2A3B4C5D6E7F}.Release|Any CPU.Build.0 = Release|Any CPU
		{C3D4E5F6-A7B8-6C7D-0E1F-2A3B4C5D6E7F}.Release|x64.ActiveCfg = Release|Any CPU
		{C3D4E5F6-A7B8-6C7D-0E1F-2A3B4C5D6E7F}.Release|x64.Build.0 = Release|Any CPU
		{C3D4E5F6-A7B8-6C7D-0E1F-2A3B4C5D6E7F}.Release|x86.ActiveCfg = Release|Any CPU
		{C3D4E5F6-A7B8-6C7D-0E1F-2A3B4C5D6E7F}.Release|x86.Build.0 = Release|Any CPU
		{D4E5F6A7-B8C9-7D8E-1F2A-3B4C5D6E7F80}.Debug|Any CPU.ActiveCfg = Debug|Any CPU
		{D4E5F6A7-B8C9-7D8E-1F2A-3B4C5D6E7F80}.Debug|Any CPU.Build.0 = Debug|Any CPU
		{D4E5F6A7-B8C9-7D8E-1F2A-3B4C5D6E7F80}.Debug|x64.ActiveCfg = Debug|Any CPU
		{D4E5F6A7-B8C9-7D8E-1F2A-3B4C5D6E7F80}.Debug|x64.Build.0 = Debug|Any CPU
		{D4E5F6A7-B8C9-7D8E-1F2A-3B4C5D6E7F80}.Debug|x86.ActiveCfg = Debug|Any CPU
		{D4E5F6A7-B8C9-7D8E-1F2A-3B4C5D6E7F80}.Debug|x86.Build.0 = Debug|Any CPU
		{D4E5F6A7-B8C9-7D8E-1F2A-3B4C5D6E7F80}.Release|Any CPU.ActiveCfg = Release|Any CPU
		{D4E5F6A7-B8C9-7D8E-1F2A-3B4C5D6E7F80}.Release|Any CPU.Build.0 = Release|Any CPU
		{D4E5F6A7-B8C9-7D8E-1F2A-3B4C5D6E7F80}.Release|x64.ActiveCfg = Release|Any CPU
		{D4E5F6A7-B8C9-7D8E-1F2A-3B4C5D6E7F80}.Release|x64.Build.0 = Release|Any CPU
		{D4E5F6A7-B8C9-7D8E-1F2A-3B4C5D6E7F80}.Release|x86.ActiveCfg = Release|Any CPU
		{D4E5F6A7-B8C9-7D8E-1F2A-3B4C5D6E7F80}.Release|x86.Build.0 = Release|Any CPU
		{E5F6A7B8-C9D0-8E9F-2A3B-4C5D6E7F8091}.Debug|Any CPU.ActiveCfg = Debug|Any CPU
		{E5F6A7B8-C9D0-8E9F-2A3B-4C5D6E7F8091}.Debug|Any CPU.Build.0 = Debug|Any CPU
		{E5F6A7B8-C9D0-8E9F-2A3B-4C5D6E7F8091}.Debug|x64.ActiveCfg = Debug|Any CPU
		{E5F6A7B8-C9D0-8E9F-2A3B-4C5D6E7F8091}.Debug|x64.Build.0 = Debug|Any CPU
		{E5F6A7B8-C9D0-8E9F-2A3B-4C5D6E7F8091}.Debug|x86.ActiveCfg = Debug|Any CPU
		{E5F6A7B8-C9D0-8E9F-2A3B-4C5D6E7F8091}.Debug|x86.Build.0 = Debug|Any CPU
		{E5F6A7B8-C9D0-8E9F-2A3B-4C5D6E7F8091}.Release|Any CPU.ActiveCfg = Release|Any CPU
		{E5F6A7B8-C9D0-8E9F-2A3B-4C5D6E7F8091}.Release|Any CPU.Build.0 = Release|Any CPU
		{E5F6A7B8-C9D0-8E9F-2A3B-4C5D6E7F8091}.Release|x64.ActiveCfg = Release|Any CPU
		{E5F6A7B8-C9D0-8E9F-2A3B-4C5D6E7F8091}.Release|x64.Build.0 = Release|Any CPU
		{E5F6A7B8-C9D0-8E9F-2A3B-4C5D6E7F8091}.Release|x86.ActiveCfg = Release|Any CPU
		{E5F6A7B8-C9D0-8E9F-2A3B-4C5D6E7F8091}.Release|x86.Build.0 = Release|Any CPU
		{F6A7B8C9-D0E1-9F0A-3B4C-5D6E7F809102}.Debug|Any CPU.ActiveCfg = Debug|Any CPU
		{F6A7B8C9-D0E1-9F0A-3B4C-5D6E7F809102}.Debug|Any CPU.Build.0 = Debug|Any CPU
		{F6A7B8C9-D0E1-9F0A-3B4C-5D6E7F809102}.Debug|x64.ActiveCfg = Debug|Any CPU
		{F6A7B8C9-D0E1-9F0A-3B4C-5D6E7F809102}.Debug|x64.Build.0 = Debug|Any CPU
		{F6A7B8C9-D0E1-9F0A-3B4C-5D6E7F809102}.Debug|x86.ActiveCfg = Debug|Any CPU
		{F6A7B8C9-D0E1-9F0A-3B4C-5D6E7F809102}.Debug|x86.Build.0 = Debug|Any CPU
		{F6A7B8C9-D0E1-9F0A-3B4C-5D6E7F809102}.Release|Any CPU.ActiveCfg = Release|Any CPU
		{F6A7B8C9-D0E1-9F0A-3B4C-5D6E7F809102}.Release|Any CPU.Build.0 = Release|Any CPU
		{F6A7B8C9-D0E1-9F0A-3B4C-5D6E7F809102}.Release|x64.ActiveCfg = Release|Any CPU
		{F6A7B8C9-D0E1-9F0A-3B4C-5D6E7F809102}.Release|x64.Build.0 = Release|Any CPU
		{F6A7B8C9-D0E1-9F0A-3B4C-5D6E7F809102}.Release|x86.ActiveCfg = Release|Any CPU
		{F6A7B8C9-D0E1-9F0A-3B4C-5D6E7F809102}.Release|x86.Build.0 = Release|Any CPU
		{A7B8C9D0-E1F2-0A1B-4C5D-6E7F80910213}.Debug|Any CPU.ActiveCfg = Debug|Any CPU
		{A7B8C9D0-E1F2-0A1B-4C5D-6E7F80910213}.Debug|Any CPU.Build.0 = Debug|Any CPU
		{A7B8C9D0-E1F2-0A1B-4C5D-6E7F80910213}.Debug|x64.ActiveCfg = Debug|Any CPU
		{A7B8C9D0-E1F2-0A1B-4C5D-6E7F80910213}.Debug|x64.Build.0 = Debug|Any CPU
		{A7B8C9D0-E1F2-0A1B-4C5D-6E7F80910213}.Debug|x86.ActiveCfg = Debug|Any CPU
		{A7B8C9D0-E1F2-0A1B-4C5D-6E7F80910213}.Debug|x86.Build.0 = Debug|Any CPU
		{A7B8C9D0-E1F2-0A1B-4C5D-6E7F80910213}.Release|Any CPU.ActiveCfg = Release|Any CPU
		{A7B8C9D0-E1F2-0A1B-4C5D-6E7F80910213}.Release|Any CPU.Build.0 = Release|Any CPU
		{A7B8C9D0-E1F2-0A1B-4C5D-6E7F80910213}.Release|x64.ActiveCfg = Release|Any CPU
		{A7B8C9D0-E1F2-0A1B-4C5D-6E7F80910213}.Release|x64.Build.0 = Release|Any CPU
		{A7B8C9D0-E1F2-0A1B-4C5D-6E7F80910213}.Release|x86.ActiveCfg = Release|Any CPU
		{A7B8C9D0-E1F2-0A1B-4C5D-6E7F80910213}.Release|x86.Build.0 = Release|Any CPU
		{B8C9D0E1-F2A3-1B2C-5D6E-7F8091021324}.Debug|Any CPU.ActiveCfg = Debug|Any CPU
		{B8C9D0E1-F2A3-1B2C-5D6E-7F8091021324}.Debug|Any CPU.Build.0 = Debug|Any CPU
		{B8C9D0E1-F2A3-1B2C-5D6E-7F8091021324}.Debug|x64.ActiveCfg = Debug|Any CPU
		{B8C9D0E1-F2A3-1B2C-5D6E-7F8091021324}.Debug|x64.Build.0 = Debug|Any CPU
		{B8C9D0E1-F2A3-1B2C-5D6E-7F8091021324}.Debug|x86.ActiveCfg = Debug|Any CPU
		{B8C9D0E1-F2A3-1B2C-5D6E-7F8091021324}.Debug|x86.Build.0 = Debug|Any CPU
		{B8C9D0E1-F2A3-1B2C-5D6E-7F8091021324}.Release|Any CPU.ActiveCfg = Release|Any CPU
		{B8C9D0E1-F2A3-1B2C-5D6E-7F8091021324}.Release|Any CPU.Build.0 = Release|Any CPU
		{B8C9D0E1-F2A3-1B2C-5D6E-7F8091021324}.Release|x64.ActiveCfg = Release|Any CPU
		{B8C9D0E1-F2A3-1B2C-5D6E-7F8091021324}.Release|x64.Build.0 = Release|Any CPU
		{B8C9D0E1-F2A3-1B2C-5D6E-7F8091021324}.Release|x86.ActiveCfg = Release|Any CPU
		{B8C9D0E1-F2A3-1B2C-5D6E-7F8091021324}.Release|x86.Build.0 = Release|Any CPU
		{5C3F29B1-F6C3-4D27-A4B7-D0191BDC481C}.Debug|Any CPU.ActiveCfg = Debug|Any CPU
		{5C3F29B1-F6C3-4D27-A4B7-D0191BDC481C}.Debug|Any CPU.Build.0 = Debug|Any CPU
		{5C3F29B1-F6C3-4D27-A4B7-D0191BDC481C}.Debug|x64.ActiveCfg = Debug|Any CPU
		{5C3F29B1-F6C3-4D27-A4B7-D0191BDC481C}.Debug|x64.Build.0 = Debug|Any CPU
		{5C3F29B1-F6C3-4D27-A4B7-D0191BDC481C}.Debug|x86.ActiveCfg = Debug|Any CPU
		{5C3F29B1-F6C3-4D27-A4B7-D0191BDC481C}.Debug|x86.Build.0 = Debug|Any CPU
		{5C3F29B1-F6C3-4D27-A4B7-D0191BDC481C}.Release|Any CPU.ActiveCfg = Release|Any CPU
		{5C3F29B1-F6C3-4D27-A4B7-D0191BDC481C}.Release|Any CPU.Build.0 = Release|Any CPU
		{5C3F29B1-F6C3-4D27-A4B7-D0191BDC481C}.Release|x64.ActiveCfg = Release|Any CPU
		{5C3F29B1-F6C3-4D27-A4B7-D0191BDC481C}.Release|x64.Build.0 = Release|Any CPU
		{5C3F29B1-F6C3-4D27-A4B7-D0191BDC481C}.Release|x86.ActiveCfg = Release|Any CPU
		{5C3F29B1-F6C3-4D27-A4B7-D0191BDC481C}.Release|x86.Build.0 = Release|Any CPU
		{293CCFA9-D421-43E6-9E74-2218499E9EEB}.Debug|Any CPU.ActiveCfg = Debug|Any CPU
		{293CCFA9-D421-43E6-9E74-2218499E9EEB}.Debug|Any CPU.Build.0 = Debug|Any CPU
		{293CCFA9-D421-43E6-9E74-2218499E9EEB}.Debug|x64.ActiveCfg = Debug|Any CPU
		{293CCFA9-D421-43E6-9E74-2218499E9EEB}.Debug|x64.Build.0 = Debug|Any CPU
		{293CCFA9-D421-43E6-9E74-2218499E9EEB}.Debug|x86.ActiveCfg = Debug|Any CPU
		{293CCFA9-D421-43E6-9E74-2218499E9EEB}.Debug|x86.Build.0 = Debug|Any CPU
		{293CCFA9-D421-43E6-9E74-2218499E9EEB}.Release|Any CPU.ActiveCfg = Release|Any CPU
		{293CCFA9-D421-43E6-9E74-2218499E9EEB}.Release|Any CPU.Build.0 = Release|Any CPU
		{293CCFA9-D421-43E6-9E74-2218499E9EEB}.Release|x64.ActiveCfg = Release|Any CPU
		{293CCFA9-D421-43E6-9E74-2218499E9EEB}.Release|x64.Build.0 = Release|Any CPU
		{293CCFA9-D421-43E6-9E74-2218499E9EEB}.Release|x86.ActiveCfg = Release|Any CPU
		{293CCFA9-D421-43E6-9E74-2218499E9EEB}.Release|x86.Build.0 = Release|Any CPU
		{6B3646E8-FEFB-47F7-AD35-0D14EA004A03}.Debug|Any CPU.ActiveCfg = Debug|Any CPU
		{6B3646E8-FEFB-47F7-AD35-0D14EA004A03}.Debug|Any CPU.Build.0 = Debug|Any CPU
		{6B3646E8-FEFB-47F7-AD35-0D14EA004A03}.Debug|x64.ActiveCfg = Debug|Any CPU
		{6B3646E8-FEFB-47F7-AD35-0D14EA004A03}.Debug|x64.Build.0 = Debug|Any CPU
		{6B3646E8-FEFB-47F7-AD35-0D14EA004A03}.Debug|x86.ActiveCfg = Debug|Any CPU
		{6B3646E8-FEFB-47F7-AD35-0D14EA004A03}.Debug|x86.Build.0 = Debug|Any CPU
		{6B3646E8-FEFB-47F7-AD35-0D14EA004A03}.Release|Any CPU.ActiveCfg = Release|Any CPU
		{6B3646E8-FEFB-47F7-AD35-0D14EA004A03}.Release|Any CPU.Build.0 = Release|Any CPU
		{6B3646E8-FEFB-47F7-AD35-0D14EA004A03}.Release|x64.ActiveCfg = Release|Any CPU
		{6B3646E8-FEFB-47F7-AD35-0D14EA004A03}.Release|x64.Build.0 = Release|Any CPU
		{6B3646E8-FEFB-47F7-AD35-0D14EA004A03}.Release|x86.ActiveCfg = Release|Any CPU
		{6B3646E8-FEFB-47F7-AD35-0D14EA004A03}.Release|x86.Build.0 = Release|Any CPU
		{A097CABE-7970-4CF3-B637-84ED08708A6A}.Debug|Any CPU.ActiveCfg = Debug|Any CPU
		{A097CABE-7970-4CF3-B637-84ED08708A6A}.Debug|Any CPU.Build.0 = Debug|Any CPU
		{A097CABE-7970-4CF3-B637-84ED08708A6A}.Debug|x64.ActiveCfg = Debug|Any CPU
		{A097CABE-7970-4CF3-B637-84ED08708A6A}.Debug|x64.Build.0 = Debug|Any CPU
		{A097CABE-7970-4CF3-B637-84ED08708A6A}.Debug|x86.ActiveCfg = Debug|Any CPU
		{A097CABE-7970-4CF3-B637-84ED08708A6A}.Debug|x86.Build.0 = Debug|Any CPU
		{A097CABE-7970-4CF3-B637-84ED08708A6A}.Release|Any CPU.ActiveCfg = Release|Any CPU
		{A097CABE-7970-4CF3-B637-84ED08708A6A}.Release|Any CPU.Build.0 = Release|Any CPU
		{A097CABE-7970-4CF3-B637-84ED08708A6A}.Release|x64.ActiveCfg = Release|Any CPU
		{A097CABE-7970-4CF3-B637-84ED08708A6A}.Release|x64.Build.0 = Release|Any CPU
		{A097CABE-7970-4CF3-B637-84ED08708A6A}.Release|x86.ActiveCfg = Release|Any CPU
		{A097CABE-7970-4CF3-B637-84ED08708A6A}.Release|x86.Build.0 = Release|Any CPU
		{B98C3881-DE15-4952-9D62-BBFF667CDA32}.Debug|Any CPU.ActiveCfg = Debug|Any CPU
		{B98C3881-DE15-4952-9D62-BBFF667CDA32}.Debug|Any CPU.Build.0 = Debug|Any CPU
		{B98C3881-DE15-4952-9D62-BBFF667CDA32}.Debug|x64.ActiveCfg = Debug|Any CPU
		{B98C3881-DE15-4952-9D62-BBFF667CDA32}.Debug|x64.Build.0 = Debug|Any CPU
		{B98C3881-DE15-4952-9D62-BBFF667CDA32}.Debug|x86.ActiveCfg = Debug|Any CPU
		{B98C3881-DE15-4952-9D62-BBFF667CDA32}.Debug|x86.Build.0 = Debug|Any CPU
		{B98C3881-DE15-4952-9D62-BBFF667CDA32}.Release|Any CPU.ActiveCfg = Release|Any CPU
		{B98C3881-DE15-4952-9D62-BBFF667CDA32}.Release|Any CPU.Build.0 = Release|Any CPU
		{B98C3881-DE15-4952-9D62-BBFF667CDA32}.Release|x64.ActiveCfg = Release|Any CPU
		{B98C3881-DE15-4952-9D62-BBFF667CDA32}.Release|x64.Build.0 = Release|Any CPU
		{B98C3881-DE15-4952-9D62-BBFF667CDA32}.Release|x86.ActiveCfg = Release|Any CPU
		{B98C3881-DE15-4952-9D62-BBFF667CDA32}.Release|x86.Build.0 = Release|Any CPU
		{12BB99B6-311D-45A0-A3C5-92C7326794D7}.Debug|Any CPU.ActiveCfg = Debug|Any CPU
		{12BB99B6-311D-45A0-A3C5-92C7326794D7}.Debug|Any CPU.Build.0 = Debug|Any CPU
		{12BB99B6-311D-45A0-A3C5-92C7326794D7}.Debug|x64.ActiveCfg = Debug|Any CPU
		{12BB99B6-311D-45A0-A3C5-92C7326794D7}.Debug|x64.Build.0 = Debug|Any CPU
		{12BB99B6-311D-45A0-A3C5-92C7326794D7}.Debug|x86.ActiveCfg = Debug|Any CPU
		{12BB99B6-311D-45A0-A3C5-92C7326794D7}.Debug|x86.Build.0 = Debug|Any CPU
		{12BB99B6-311D-45A0-A3C5-92C7326794D7}.Release|Any CPU.ActiveCfg = Release|Any CPU
		{12BB99B6-311D-45A0-A3C5-92C7326794D7}.Release|Any CPU.Build.0 = Release|Any CPU
		{12BB99B6-311D-45A0-A3C5-92C7326794D7}.Release|x64.ActiveCfg = Release|Any CPU
		{12BB99B6-311D-45A0-A3C5-92C7326794D7}.Release|x64.Build.0 = Release|Any CPU
		{12BB99B6-311D-45A0-A3C5-92C7326794D7}.Release|x86.ActiveCfg = Release|Any CPU
		{12BB99B6-311D-45A0-A3C5-92C7326794D7}.Release|x86.Build.0 = Release|Any CPU
		{4806CAD2-6E9D-47D0-B7B7-405EE46B7840}.Debug|Any CPU.ActiveCfg = Debug|Any CPU
		{4806CAD2-6E9D-47D0-B7B7-405EE46B7840}.Debug|Any CPU.Build.0 = Debug|Any CPU
		{4806CAD2-6E9D-47D0-B7B7-405EE46B7840}.Debug|x64.ActiveCfg = Debug|Any CPU
		{4806CAD2-6E9D-47D0-B7B7-405EE46B7840}.Debug|x64.Build.0 = Debug|Any CPU
		{4806CAD2-6E9D-47D0-B7B7-405EE46B7840}.Debug|x86.ActiveCfg = Debug|Any CPU
		{4806CAD2-6E9D-47D0-B7B7-405EE46B7840}.Debug|x86.Build.0 = Debug|Any CPU
		{4806CAD2-6E9D-47D0-B7B7-405EE46B7840}.Release|Any CPU.ActiveCfg = Release|Any CPU
		{4806CAD2-6E9D-47D0-B7B7-405EE46B7840}.Release|Any CPU.Build.0 = Release|Any CPU
		{4806CAD2-6E9D-47D0-B7B7-405EE46B7840}.Release|x64.ActiveCfg = Release|Any CPU
		{4806CAD2-6E9D-47D0-B7B7-405EE46B7840}.Release|x64.Build.0 = Release|Any CPU
		{4806CAD2-6E9D-47D0-B7B7-405EE46B7840}.Release|x86.ActiveCfg = Release|Any CPU
		{4806CAD2-6E9D-47D0-B7B7-405EE46B7840}.Release|x86.Build.0 = Release|Any CPU
		{7F7C21DD-734A-41A1-95D0-1E325D5EDFDD}.Debug|Any CPU.ActiveCfg = Debug|Any CPU
		{7F7C21DD-734A-41A1-95D0-1E325D5EDFDD}.Debug|Any CPU.Build.0 = Debug|Any CPU
		{7F7C21DD-734A-41A1-95D0-1E325D5EDFDD}.Debug|x64.ActiveCfg = Debug|Any CPU
		{7F7C21DD-734A-41A1-95D0-1E325D5EDFDD}.Debug|x64.Build.0 = Debug|Any CPU
		{7F7C21DD-734A-41A1-95D0-1E325D5EDFDD}.Debug|x86.ActiveCfg = Debug|Any CPU
		{7F7C21DD-734A-41A1-95D0-1E325D5EDFDD}.Debug|x86.Build.0 = Debug|Any CPU
		{7F7C21DD-734A-41A1-95D0-1E325D5EDFDD}.Release|Any CPU.ActiveCfg = Release|Any CPU
		{7F7C21DD-734A-41A1-95D0-1E325D5EDFDD}.Release|Any CPU.Build.0 = Release|Any CPU
		{7F7C21DD-734A-41A1-95D0-1E325D5EDFDD}.Release|x64.ActiveCfg = Release|Any CPU
		{7F7C21DD-734A-41A1-95D0-1E325D5EDFDD}.Release|x64.Build.0 = Release|Any CPU
		{7F7C21DD-734A-41A1-95D0-1E325D5EDFDD}.Release|x86.ActiveCfg = Release|Any CPU
		{7F7C21DD-734A-41A1-95D0-1E325D5EDFDD}.Release|x86.Build.0 = Release|Any CPU
		{44C0089F-4C78-41A3-B828-780A42E1DF4D}.Debug|Any CPU.ActiveCfg = Debug|Any CPU
		{44C0089F-4C78-41A3-B828-780A42E1DF4D}.Debug|Any CPU.Build.0 = Debug|Any CPU
		{44C0089F-4C78-41A3-B828-780A42E1DF4D}.Debug|x64.ActiveCfg = Debug|Any CPU
		{44C0089F-4C78-41A3-B828-780A42E1DF4D}.Debug|x64.Build.0 = Debug|Any CPU
		{44C0089F-4C78-41A3-B828-780A42E1DF4D}.Debug|x86.ActiveCfg = Debug|Any CPU
		{44C0089F-4C78-41A3-B828-780A42E1DF4D}.Debug|x86.Build.0 = Debug|Any CPU
		{44C0089F-4C78-41A3-B828-780A42E1DF4D}.Release|Any CPU.ActiveCfg = Release|Any CPU
		{44C0089F-4C78-41A3-B828-780A42E1DF4D}.Release|Any CPU.Build.0 = Release|Any CPU
		{44C0089F-4C78-41A3-B828-780A42E1DF4D}.Release|x64.ActiveCfg = Release|Any CPU
		{44C0089F-4C78-41A3-B828-780A42E1DF4D}.Release|x64.Build.0 = Release|Any CPU
		{44C0089F-4C78-41A3-B828-780A42E1DF4D}.Release|x86.ActiveCfg = Release|Any CPU
		{44C0089F-4C78-41A3-B828-780A42E1DF4D}.Release|x86.Build.0 = Release|Any CPU
		{CF7E6323-E310-4816-8F94-D137A4A21DCB}.Debug|Any CPU.ActiveCfg = Debug|Any CPU
		{CF7E6323-E310-4816-8F94-D137A4A21DCB}.Debug|Any CPU.Build.0 = Debug|Any CPU
		{CF7E6323-E310-4816-8F94-D137A4A21DCB}.Debug|x64.ActiveCfg = Debug|Any CPU
		{CF7E6323-E310-4816-8F94-D137A4A21DCB}.Debug|x64.Build.0 = Debug|Any CPU
		{CF7E6323-E310-4816-8F94-D137A4A21DCB}.Debug|x86.ActiveCfg = Debug|Any CPU
		{CF7E6323-E310-4816-8F94-D137A4A21DCB}.Debug|x86.Build.0 = Debug|Any CPU
		{CF7E6323-E310-4816-8F94-D137A4A21DCB}.Release|Any CPU.ActiveCfg = Release|Any CPU
		{CF7E6323-E310-4816-8F94-D137A4A21DCB}.Release|Any CPU.Build.0 = Release|Any CPU
		{CF7E6323-E310-4816-8F94-D137A4A21DCB}.Release|x64.ActiveCfg = Release|Any CPU
		{CF7E6323-E310-4816-8F94-D137A4A21DCB}.Release|x64.Build.0 = Release|Any CPU
		{CF7E6323-E310-4816-8F94-D137A4A21DCB}.Release|x86.ActiveCfg = Release|Any CPU
		{CF7E6323-E310-4816-8F94-D137A4A21DCB}.Release|x86.Build.0 = Release|Any CPU
		{1C40BC23-5B9C-4119-92DB-04F792A9E088}.Debug|Any CPU.ActiveCfg = Debug|Any CPU
		{1C40BC23-5B9C-4119-92DB-04F792A9E088}.Debug|Any CPU.Build.0 = Debug|Any CPU
		{1C40BC23-5B9C-4119-92DB-04F792A9E088}.Debug|x64.ActiveCfg = Debug|Any CPU
		{1C40BC23-5B9C-4119-92DB-04F792A9E088}.Debug|x64.Build.0 = Debug|Any CPU
		{1C40BC23-5B9C-4119-92DB-04F792A9E088}.Debug|x86.ActiveCfg = Debug|Any CPU
		{1C40BC23-5B9C-4119-92DB-04F792A9E088}.Debug|x86.Build.0 = Debug|Any CPU
		{1C40BC23-5B9C-4119-92DB-04F792A9E088}.Release|Any CPU.ActiveCfg = Release|Any CPU
		{1C40BC23-5B9C-4119-92DB-04F792A9E088}.Release|Any CPU.Build.0 = Release|Any CPU
		{1C40BC23-5B9C-4119-92DB-04F792A9E088}.Release|x64.ActiveCfg = Release|Any CPU
		{1C40BC23-5B9C-4119-92DB-04F792A9E088}.Release|x64.Build.0 = Release|Any CPU
		{1C40BC23-5B9C-4119-92DB-04F792A9E088}.Release|x86.ActiveCfg = Release|Any CPU
		{1C40BC23-5B9C-4119-92DB-04F792A9E088}.Release|x86.Build.0 = Release|Any CPU
	EndGlobalSection
	GlobalSection(SolutionProperties) = preSolution
		HideSolutionNode = FALSE
	EndGlobalSection
	GlobalSection(NestedProjects) = preSolution
		{5C3F29B1-F6C3-4D27-A4B7-D0191BDC481C} = {827E0CD3-B72D-47B6-A68D-7590B98EB39B}
		{293CCFA9-D421-43E6-9E74-2218499E9EEB} = {827E0CD3-B72D-47B6-A68D-7590B98EB39B}
		{6B3646E8-FEFB-47F7-AD35-0D14EA004A03} = {827E0CD3-B72D-47B6-A68D-7590B98EB39B}
		{A097CABE-7970-4CF3-B637-84ED08708A6A} = {827E0CD3-B72D-47B6-A68D-7590B98EB39B}
		{B98C3881-DE15-4952-9D62-BBFF667CDA32} = {827E0CD3-B72D-47B6-A68D-7590B98EB39B}
		{12BB99B6-311D-45A0-A3C5-92C7326794D7} = {827E0CD3-B72D-47B6-A68D-7590B98EB39B}
		{4806CAD2-6E9D-47D0-B7B7-405EE46B7840} = {827E0CD3-B72D-47B6-A68D-7590B98EB39B}
		{7F7C21DD-734A-41A1-95D0-1E325D5EDFDD} = {827E0CD3-B72D-47B6-A68D-7590B98EB39B}
		{44C0089F-4C78-41A3-B828-780A42E1DF4D} = {827E0CD3-B72D-47B6-A68D-7590B98EB39B}
		{CF7E6323-E310-4816-8F94-D137A4A21DCB} = {827E0CD3-B72D-47B6-A68D-7590B98EB39B}
		{1C40BC23-5B9C-4119-92DB-04F792A9E088} = {827E0CD3-B72D-47B6-A68D-7590B98EB39B}
	EndGlobalSection
EndGlobal
