Microsoft Visual Studio Solution File, Format Version 12.00
# Visual Studio Version 16
VisualStudioVersion = 16.0.0.0
MinimumVisualStudioVersion = 16.0.0.0
Project("{9A19103F-16F7-4668-BE54-9A1E7A4F7556}") = "DarkRepos.Web", "DarkRepos.Web\DarkRepos.Web.csproj", "{7D9232FE-30D6-4C12-A1DD-50EE897844BA}"
EndProject
Project("{9A19103F-16F7-4668-BE54-9A1E7A4F7556}") = "DarkRepos.Web.Client", "DarkRepos.Web.Client\DarkRepos.Web.Client.csproj", "{EFB88D91-7E1B-4E1E-B7B7-807E89E3AD1E}"
EndProject
Global
	GlobalSection(SolutionConfigurationPlatforms) = preSolution
		Debug|Any CPU = Debug|Any CPU
		Debug|x64 = Debug|x64
		Debug|x86 = Debug|x86
		Release|Any CPU = Release|Any CPU
		Release|x64 = Release|x64
		Release|x86 = Release|x86
	EndGlobalSection
	GlobalSection(ProjectConfigurationPlatforms) = postSolution
		{EFB88D91-7E1B-4E1E-B7B7-807E89E3AD1E}.Debug|Any CPU.ActiveCfg = Debug|Any CPU
		{EFB88D91-7E1B-4E1E-B7B7-807E89E3AD1E}.Debug|Any CPU.Build.0 = Debug|Any CPU
		{EFB88D91-7E1B-4E1E-B7B7-807E89E3AD1E}.Debug|x64.ActiveCfg = Debug|Any CPU
		{EFB88D91-7E1B-4E1E-B7B7-807E89E3AD1E}.Debug|x64.Build.0 = Debug|Any CPU
		{EFB88D91-7E1B-4E1E-B7B7-807E89E3AD1E}.Debug|x86.ActiveCfg = Debug|Any CPU
		{EFB88D91-7E1B-4E1E-B7B7-807E89E3AD1E}.Debug|x86.Build.0 = Debug|Any CPU
		{EFB88D91-7E1B-4E1E-B7B7-807E89E3AD1E}.Release|Any CPU.ActiveCfg = Release|Any CPU
		{EFB88D91-7E1B-4E1E-B7B7-807E89E3AD1E}.Release|Any CPU.Build.0 = Release|Any CPU
		{EFB88D91-7E1B-4E1E-B7B7-807E89E3AD1E}.Release|x64.ActiveCfg = Release|Any CPU
		{EFB88D91-7E1B-4E1E-B7B7-807E89E3AD1E}.Release|x64.Build.0 = Release|Any CPU
		{EFB88D91-7E1B-4E1E-B7B7-807E89E3AD1E}.Release|x86.ActiveCfg = Release|Any CPU
		{EFB88D91-7E1B-4E1E-B7B7-807E89E3AD1E}.Release|x86.Build.0 = Release|Any CPU
		{7D9232FE-30D6-4C12-A1DD-50EE897844BA}.Debug|Any CPU.ActiveCfg = Debug|Any CPU
		{7D9232FE-30D6-4C12-A1DD-50EE897844BA}.Debug|Any CPU.Build.0 = Debug|Any CPU
		{7D9232FE-30D6-4C12-A1DD-50EE897844BA}.Debug|x64.ActiveCfg = Debug|Any CPU
		{7D9232FE-30D6-4C12-A1DD-50EE897844BA}.Debug|x64.Build.0 = Debug|Any CPU
		{7D9232FE-30D6-4C12-A1DD-50EE897844BA}.Debug|x86.ActiveCfg = Debug|Any CPU
		{7D9232FE-30D6-4C12-A1DD-50EE897844BA}.Debug|x86.Build.0 = Debug|Any CPU
		{7D9232FE-30D6-4C12-A1DD-50EE897844BA}.Release|Any CPU.ActiveCfg = Release|Any CPU
		{7D9232FE-30D6-4C12-A1DD-50EE897844BA}.Release|Any CPU.Build.0 = Release|Any CPU
		{7D9232FE-30D6-4C12-A1DD-50EE897844BA}.Release|x64.ActiveCfg = Release|Any CPU
		{7D9232FE-30D6-4C12-A1DD-50EE897844BA}.Release|x64.Build.0 = Release|Any CPU
		{7D9232FE-30D6-4C12-A1DD-50EE897844BA}.Release|x86.ActiveCfg = Release|Any CPU
		{7D9232FE-30D6-4C12-A1DD-50EE897844BA}.Release|x86.Build.0 = Release|Any CPU
	EndGlobalSection
	GlobalSection(SolutionProperties) = preSolution
		HideSolutionNode = FALSE
	EndGlobalSection
	GlobalSection(ExtensibilityGlobals) = postSolution
		SolutionGuid = {B2560600-2287-4B55-B1F2-E5273D8BBAA9}
	EndGlobalSection
EndGlobal
