
Microsoft Visual Studio Solution File, Format Version 12.00
# Visual Studio Version 17
VisualStudioVersion = 17.0.31903.59
MinimumVisualStudioVersion = 10.0.40219.1
Project("{2150E333-8FDC-42A3-9474-1A3956D46DE8}") = "src", "src", "{8B8B4D4A-0000-0000-0000-000000000001}"
EndProject
Project("{2150E333-8FDC-42A3-9474-1A3956D46DE8}") = "tests", "tests", "{8B8B4D4A-0000-0000-0000-000000000002}"
EndProject
Project("{2150E333-8FDC-42A3-9474-1A3956D46DE8}") = "docs", "docs", "{8B8B4D4A-0000-0000-0000-000000000003}"
	ProjectSection(SolutionItems) = preProject
		docs\README.md = docs\README.md
		docs\architecture.md = docs\architecture.md
		docs\design-system.md = docs\design-system.md
		docs\ROADMAP.md = docs\ROADMAP.md
		docs\api-reference.md = docs\api-reference.md
		docs\development-guide.md = docs\development-guide.md
		docs\user-guide.md = docs\user-guide.md
		docs\project-structure.md = docs\project-structure.md
		docs\github-issues.md = docs\github-issues.md
	EndProjectSection
EndProject
Project("{FAE04EC0-301F-11D3-BF4B-00C04F79EFBC}") = "DarkRepos.Editor.Core", "src\DarkRepos.Editor.Core\DarkRepos.Editor.Core.csproj", "{8B8B4D4A-1111-1111-1111-000000000001}"
EndProject
Project("{FAE04EC0-301F-11D3-BF4B-00C04F79EFBC}") = "DarkRepos.Editor.Data", "src\DarkRepos.Editor.Data\DarkRepos.Editor.Data.csproj", "{8B8B4D4A-1111-1111-1111-000000000002}"
EndProject
Project("{FAE04EC0-301F-11D3-BF4B-00C04F79EFBC}") = "DarkRepos.Editor.Shared", "src\DarkRepos.Editor.Shared\DarkRepos.Editor.Shared.csproj", "{8B8B4D4A-1111-1111-1111-000000000003}"
EndProject
Project("{FAE04EC0-301F-11D3-BF4B-00C04F79EFBC}") = "DarkRepos.Editor.Web", "src\DarkRepos.Editor.Web\DarkRepos.Editor.Web.csproj", "{8B8B4D4A-1111-1111-1111-000000000004}"
EndProject
Project("{FAE04EC0-301F-11D3-BF4B-00C04F79EFBC}") = "DarkRepos.Editor.Core.Tests", "tests\DarkRepos.Editor.Core.Tests\DarkRepos.Editor.Core.Tests.csproj", "{8B8B4D4A-2222-2222-2222-000000000001}"
EndProject
Project("{FAE04EC0-301F-11D3-BF4B-00C04F79EFBC}") = "DarkRepos.Editor.Data.Tests", "tests\DarkRepos.Editor.Data.Tests\DarkRepos.Editor.Data.Tests.csproj", "{8B8B4D4A-2222-2222-2222-000000000002}"
EndProject
Project("{FAE04EC0-301F-11D3-BF4B-00C04F79EFBC}") = "DarkRepos.Editor.Web.Tests", "tests\DarkRepos.Editor.Web.Tests\DarkRepos.Editor.Web.Tests.csproj", "{8B8B4D4A-2222-2222-2222-000000000003}"
EndProject
Global
	GlobalSection(SolutionConfigurationPlatforms) = preSolution
		Debug|Any CPU = Debug|Any CPU
		Release|Any CPU = Release|Any CPU
	EndGlobalSection
	GlobalSection(ProjectConfigurationPlatforms) = postSolution
		{8B8B4D4A-1111-1111-1111-000000000001}.Debug|Any CPU.ActiveCfg = Debug|Any CPU
		{8B8B4D4A-1111-1111-1111-000000000001}.Debug|Any CPU.Build.0 = Debug|Any CPU
		{8B8B4D4A-1111-1111-1111-000000000001}.Release|Any CPU.ActiveCfg = Release|Any CPU
		{8B8B4D4A-1111-1111-1111-000000000001}.Release|Any CPU.Build.0 = Release|Any CPU
		{8B8B4D4A-1111-1111-1111-000000000002}.Debug|Any CPU.ActiveCfg = Debug|Any CPU
		{8B8B4D4A-1111-1111-1111-000000000002}.Debug|Any CPU.Build.0 = Debug|Any CPU
		{8B8B4D4A-1111-1111-1111-000000000002}.Release|Any CPU.ActiveCfg = Release|Any CPU
		{8B8B4D4A-1111-1111-1111-000000000002}.Release|Any CPU.Build.0 = Release|Any CPU
		{8B8B4D4A-1111-1111-1111-000000000003}.Debug|Any CPU.ActiveCfg = Debug|Any CPU
		{8B8B4D4A-1111-1111-1111-000000000003}.Debug|Any CPU.Build.0 = Debug|Any CPU
		{8B8B4D4A-1111-1111-1111-000000000003}.Release|Any CPU.ActiveCfg = Release|Any CPU
		{8B8B4D4A-1111-1111-1111-000000000003}.Release|Any CPU.Build.0 = Release|Any CPU
		{8B8B4D4A-1111-1111-1111-000000000004}.Debug|Any CPU.ActiveCfg = Debug|Any CPU
		{8B8B4D4A-1111-1111-1111-000000000004}.Debug|Any CPU.Build.0 = Debug|Any CPU
		{8B8B4D4A-1111-1111-1111-000000000004}.Release|Any CPU.ActiveCfg = Release|Any CPU
		{8B8B4D4A-1111-1111-1111-000000000004}.Release|Any CPU.Build.0 = Release|Any CPU
		{8B8B4D4A-2222-2222-2222-000000000001}.Debug|Any CPU.ActiveCfg = Debug|Any CPU
		{8B8B4D4A-2222-2222-2222-000000000001}.Debug|Any CPU.Build.0 = Debug|Any CPU
		{8B8B4D4A-2222-2222-2222-000000000001}.Release|Any CPU.ActiveCfg = Release|Any CPU
		{8B8B4D4A-2222-2222-2222-000000000001}.Release|Any CPU.Build.0 = Release|Any CPU
		{8B8B4D4A-2222-2222-2222-000000000002}.Debug|Any CPU.ActiveCfg = Debug|Any CPU
		{8B8B4D4A-2222-2222-2222-000000000002}.Debug|Any CPU.Build.0 = Debug|Any CPU
		{8B8B4D4A-2222-2222-2222-000000000002}.Release|Any CPU.ActiveCfg = Release|Any CPU
		{8B8B4D4A-2222-2222-2222-000000000002}.Release|Any CPU.Build.0 = Release|Any CPU
		{8B8B4D4A-2222-2222-2222-000000000003}.Debug|Any CPU.ActiveCfg = Debug|Any CPU
		{8B8B4D4A-2222-2222-2222-000000000003}.Debug|Any CPU.Build.0 = Debug|Any CPU
		{8B8B4D4A-2222-2222-2222-000000000003}.Release|Any CPU.ActiveCfg = Release|Any CPU
		{8B8B4D4A-2222-2222-2222-000000000003}.Release|Any CPU.Build.0 = Release|Any CPU
	EndGlobalSection
	GlobalSection(NestedProjects) = preSolution
		{8B8B4D4A-1111-1111-1111-000000000001} = {8B8B4D4A-0000-0000-0000-000000000001}
		{8B8B4D4A-1111-1111-1111-000000000002} = {8B8B4D4A-0000-0000-0000-000000000001}
		{8B8B4D4A-1111-1111-1111-000000000003} = {8B8B4D4A-0000-0000-0000-000000000001}
		{8B8B4D4A-1111-1111-1111-000000000004} = {8B8B4D4A-0000-0000-0000-000000000001}
		{8B8B4D4A-2222-2222-2222-000000000001} = {8B8B4D4A-0000-0000-0000-000000000002}
		{8B8B4D4A-2222-2222-2222-000000000002} = {8B8B4D4A-0000-0000-0000-000000000002}
		{8B8B4D4A-2222-2222-2222-000000000003} = {8B8B4D4A-0000-0000-0000-000000000002}
	EndGlobalSection
	GlobalSection(SolutionProperties) = preSolution
		HideSolutionNode = FALSE
	EndGlobalSection
EndGlobal
